
Microsoft Visual Studio Solution File, Format Version 12.00
# Visual Studio Version 17
VisualStudioVersion = 17.3.32929.385
MinimumVisualStudioVersion = 10.0.40219.1
Project("{FAE04EC0-301F-11D3-BF4B-00C04F79EFBC}") = "LicenciaMedica", "LicenciaMedica.csproj", "{C98BB5DB-2084-4F62-9837-36F3A989B4EA}"
EndProject
Global
	GlobalSection(SolutionConfigurationPlatforms) = preSolution
		Debug|Any CPU = Debug|Any CPU
		Release|Any CPU = Release|Any CPU
	EndGlobalSection
	GlobalSection(ProjectConfigurationPlatforms) = postSolution
		{C98BB5DB-2084-4F62-9837-36F3A989B4EA}.Debug|Any CPU.ActiveCfg = Debug|Any CPU
		{C98BB5DB-2084-4F62-9837-36F3A989B4EA}.Debug|Any CPU.Build.0 = Debug|Any CPU
		{C98BB5DB-2084-4F62-9837-36F3A989B4EA}.Release|Any CPU.ActiveCfg = Release|Any CPU
		{C98BB5DB-2084-4F62-9837-36F3A989B4EA}.Release|Any CPU.Build.0 = Release|Any CPU
	EndGlobalSection
	GlobalSection(SolutionProperties) = preSolution
		HideSolutionNode = FALSE
	EndGlobalSection
	GlobalSection(ExtensibilityGlobals) = postSolution
		SolutionGuid = {8D1619CE-6BDA-4666-9C75-E6CB2449A826}
	EndGlobalSection
EndGlobal
